// !$*UTF8*$!
{
	archiveVersion = 1;
	classes = {
	};
	objectVersion = 46;
	objects = {

/* Begin PBXBuildFile section */
		1126F7B81A43735C000176F8 /* AppDelegate.swift in Sources */ = {isa = PBXBuildFile; fileRef = 1126F7B71A43735C000176F8 /* AppDelegate.swift */; };
		1126F7BB1A43735C000176F8 /* RingOfFire.xcdatamodeld in Sources */ = {isa = PBXBuildFile; fileRef = 1126F7B91A43735C000176F8 /* RingOfFire.xcdatamodeld */; };
		1126F7BD1A43735C000176F8 /* ShuffleViewController.swift in Sources */ = {isa = PBXBuildFile; fileRef = 1126F7BC1A43735C000176F8 /* ShuffleViewController.swift */; };
		1126F7C01A43735C000176F8 /* Main.storyboard in Resources */ = {isa = PBXBuildFile; fileRef = 1126F7BE1A43735C000176F8 /* Main.storyboard */; };
		1126F7C21A43735C000176F8 /* Images.xcassets in Resources */ = {isa = PBXBuildFile; fileRef = 1126F7C11A43735C000176F8 /* Images.xcassets */; };
		1126F7C51A43735C000176F8 /* LaunchScreen.xib in Resources */ = {isa = PBXBuildFile; fileRef = 1126F7C31A43735C000176F8 /* LaunchScreen.xib */; };
		1126F7D11A43735C000176F8 /* RingOfFireTests.swift in Sources */ = {isa = PBXBuildFile; fileRef = 1126F7D01A43735C000176F8 /* RingOfFireTests.swift */; };
		118156361A4A428A006F655D /* SwipeToShuffleViewController.swift in Sources */ = {isa = PBXBuildFile; fileRef = 118156351A4A428A006F655D /* SwipeToShuffleViewController.swift */; };
		118156381A4A4469006F655D /* CardViewController.swift in Sources */ = {isa = PBXBuildFile; fileRef = 118156371A4A4469006F655D /* CardViewController.swift */; };
		1181563B1A4A4503006F655D /* InstructionViewController.swift in Sources */ = {isa = PBXBuildFile; fileRef = 1181563A1A4A4503006F655D /* InstructionViewController.swift */; };
		1181563D1A4A464C006F655D /* SettingsViewController.swift in Sources */ = {isa = PBXBuildFile; fileRef = 1181563C1A4A464C006F655D /* SettingsViewController.swift */; };
		9FC977DD1A52411A001E8920 /* Gameplay.swift in Sources */ = {isa = PBXBuildFile; fileRef = 9FC977DC1A52411A001E8920 /* Gameplay.swift */; };
/* End PBXBuildFile section */

/* Begin PBXContainerItemProxy section */
		1126F7CB1A43735C000176F8 /* PBXContainerItemProxy */ = {
			isa = PBXContainerItemProxy;
			containerPortal = 1126F7AA1A43735C000176F8 /* Project object */;
			proxyType = 1;
			remoteGlobalIDString = 1126F7B11A43735C000176F8;
			remoteInfo = RingOfFire;
		};
/* End PBXContainerItemProxy section */

/* Begin PBXFileReference section */
		1126F7B21A43735C000176F8 /* RingOfFire.app */ = {isa = PBXFileReference; explicitFileType = wrapper.application; includeInIndex = 0; path = RingOfFire.app; sourceTree = BUILT_PRODUCTS_DIR; };
		1126F7B61A43735C000176F8 /* Info.plist */ = {isa = PBXFileReference; lastKnownFileType = text.plist.xml; path = Info.plist; sourceTree = "<group>"; };
		1126F7B71A43735C000176F8 /* AppDelegate.swift */ = {isa = PBXFileReference; lastKnownFileType = sourcecode.swift; path = AppDelegate.swift; sourceTree = "<group>"; };
		1126F7BA1A43735C000176F8 /* RingOfFire.xcdatamodel */ = {isa = PBXFileReference; lastKnownFileType = wrapper.xcdatamodel; path = RingOfFire.xcdatamodel; sourceTree = "<group>"; };
		1126F7BC1A43735C000176F8 /* ShuffleViewController.swift */ = {isa = PBXFileReference; lastKnownFileType = sourcecode.swift; path = ShuffleViewController.swift; sourceTree = "<group>"; };
		1126F7BF1A43735C000176F8 /* Base */ = {isa = PBXFileReference; lastKnownFileType = file.storyboard; name = Base; path = Base.lproj/Main.storyboard; sourceTree = "<group>"; };
		1126F7C11A43735C000176F8 /* Images.xcassets */ = {isa = PBXFileReference; lastKnownFileType = folder.assetcatalog; path = Images.xcassets; sourceTree = "<group>"; };
		1126F7C41A43735C000176F8 /* Base */ = {isa = PBXFileReference; lastKnownFileType = file.xib; name = Base; path = Base.lproj/LaunchScreen.xib; sourceTree = "<group>"; };
		1126F7CA1A43735C000176F8 /* RingOfFireTests.xctest */ = {isa = PBXFileReference; explicitFileType = wrapper.cfbundle; includeInIndex = 0; path = RingOfFireTests.xctest; sourceTree = BUILT_PRODUCTS_DIR; };
		1126F7CF1A43735C000176F8 /* Info.plist */ = {isa = PBXFileReference; lastKnownFileType = text.plist.xml; path = Info.plist; sourceTree = "<group>"; };
		1126F7D01A43735C000176F8 /* RingOfFireTests.swift */ = {isa = PBXFileReference; lastKnownFileType = sourcecode.swift; path = RingOfFireTests.swift; sourceTree = "<group>"; };
		118156351A4A428A006F655D /* SwipeToShuffleViewController.swift */ = {isa = PBXFileReference; fileEncoding = 4; lastKnownFileType = sourcecode.swift; path = SwipeToShuffleViewController.swift; sourceTree = "<group>"; };
		118156371A4A4469006F655D /* CardViewController.swift */ = {isa = PBXFileReference; fileEncoding = 4; lastKnownFileType = sourcecode.swift; path = CardViewController.swift; sourceTree = "<group>"; };
		1181563A1A4A4503006F655D /* InstructionViewController.swift */ = {isa = PBXFileReference; fileEncoding = 4; lastKnownFileType = sourcecode.swift; path = InstructionViewController.swift; sourceTree = "<group>"; };
		1181563C1A4A464C006F655D /* SettingsViewController.swift */ = {isa = PBXFileReference; fileEncoding = 4; lastKnownFileType = sourcecode.swift; path = SettingsViewController.swift; sourceTree = "<group>"; };
		9FC977DC1A52411A001E8920 /* Gameplay.swift */ = {isa = PBXFileReference; fileEncoding = 4; lastKnownFileType = sourcecode.swift; path = Gameplay.swift; sourceTree = "<group>"; };
/* End PBXFileReference section */

/* Begin PBXFrameworksBuildPhase section */
		1126F7AF1A43735C000176F8 /* Frameworks */ = {
			isa = PBXFrameworksBuildPhase;
			buildActionMask = 2147483647;
			files = (
			);
			runOnlyForDeploymentPostprocessing = 0;
		};
		1126F7C71A43735C000176F8 /* Frameworks */ = {
			isa = PBXFrameworksBuildPhase;
			buildActionMask = 2147483647;
			files = (
			);
			runOnlyForDeploymentPostprocessing = 0;
		};
/* End PBXFrameworksBuildPhase section */

/* Begin PBXGroup section */
		1126F7A91A43735C000176F8 = {
			isa = PBXGroup;
			children = (
				1126F7B41A43735C000176F8 /* RingOfFire */,
				1126F7CD1A43735C000176F8 /* RingOfFireTests */,
				1126F7B31A43735C000176F8 /* Products */,
			);
			sourceTree = "<group>";
		};
		1126F7B31A43735C000176F8 /* Products */ = {
			isa = PBXGroup;
			children = (
				1126F7B21A43735C000176F8 /* RingOfFire.app */,
				1126F7CA1A43735C000176F8 /* RingOfFireTests.xctest */,
			);
			name = Products;
			sourceTree = "<group>";
		};
		1126F7B41A43735C000176F8 /* RingOfFire */ = {
			isa = PBXGroup;
			children = (
				1126F7B71A43735C000176F8 /* AppDelegate.swift */,
				9FC977DC1A52411A001E8920 /* Gameplay.swift */,
				118156391A4A44A9006F655D /* ViewControllers */,
				1126F7BE1A43735C000176F8 /* Main.storyboard */,
				1126F7C11A43735C000176F8 /* Images.xcassets */,
				1126F7C31A43735C000176F8 /* LaunchScreen.xib */,
				1126F7B91A43735C000176F8 /* RingOfFire.xcdatamodeld */,
				1126F7B51A43735C000176F8 /* Supporting Files */,
			);
			path = RingOfFire;
			sourceTree = "<group>";
		};
		1126F7B51A43735C000176F8 /* Supporting Files */ = {
			isa = PBXGroup;
			children = (
				1126F7B61A43735C000176F8 /* Info.plist */,
			);
			name = "Supporting Files";
			sourceTree = "<group>";
		};
		1126F7CD1A43735C000176F8 /* RingOfFireTests */ = {
			isa = PBXGroup;
			children = (
				1126F7D01A43735C000176F8 /* RingOfFireTests.swift */,
				1126F7CE1A43735C000176F8 /* Supporting Files */,
			);
			path = RingOfFireTests;
			sourceTree = "<group>";
		};
		1126F7CE1A43735C000176F8 /* Supporting Files */ = {
			isa = PBXGroup;
			children = (
				1126F7CF1A43735C000176F8 /* Info.plist */,
			);
			name = "Supporting Files";
			sourceTree = "<group>";
		};
		118156391A4A44A9006F655D /* ViewControllers */ = {
			isa = PBXGroup;
			children = (
				118156371A4A4469006F655D /* CardViewController.swift */,
				1181563C1A4A464C006F655D /* SettingsViewController.swift */,
				118156351A4A428A006F655D /* SwipeToShuffleViewController.swift */,
				1126F7BC1A43735C000176F8 /* ShuffleViewController.swift */,
				1181563A1A4A4503006F655D /* InstructionViewController.swift */,
			);
			name = ViewControllers;
			sourceTree = "<group>";
		};
/* End PBXGroup section */

/* Begin PBXNativeTarget section */
		1126F7B11A43735C000176F8 /* RingOfFire */ = {
			isa = PBXNativeTarget;
			buildConfigurationList = 1126F7D41A43735C000176F8 /* Build configuration list for PBXNativeTarget "RingOfFire" */;
			buildPhases = (
				1126F7AE1A43735C000176F8 /* Sources */,
				1126F7AF1A43735C000176F8 /* Frameworks */,
				1126F7B01A43735C000176F8 /* Resources */,
			);
			buildRules = (
			);
			dependencies = (
			);
			name = RingOfFire;
			productName = RingOfFire;
			productReference = 1126F7B21A43735C000176F8 /* RingOfFire.app */;
			productType = "com.apple.product-type.application";
		};
		1126F7C91A43735C000176F8 /* RingOfFireTests */ = {
			isa = PBXNativeTarget;
			buildConfigurationList = 1126F7D71A43735C000176F8 /* Build configuration list for PBXNativeTarget "RingOfFireTests" */;
			buildPhases = (
				1126F7C61A43735C000176F8 /* Sources */,
				1126F7C71A43735C000176F8 /* Frameworks */,
				1126F7C81A43735C000176F8 /* Resources */,
			);
			buildRules = (
			);
			dependencies = (
				1126F7CC1A43735C000176F8 /* PBXTargetDependency */,
			);
			name = RingOfFireTests;
			productName = RingOfFireTests;
			productReference = 1126F7CA1A43735C000176F8 /* RingOfFireTests.xctest */;
			productType = "com.apple.product-type.bundle.unit-test";
		};
/* End PBXNativeTarget section */

/* Begin PBXProject section */
		1126F7AA1A43735C000176F8 /* Project object */ = {
			isa = PBXProject;
			attributes = {
				LastUpgradeCheck = 0610;
				ORGANIZATIONNAME = "Michał Ciesielski";
				TargetAttributes = {
					1126F7B11A43735C000176F8 = {
						CreatedOnToolsVersion = 6.1;
						DevelopmentTeam = PKHAF6RM9S;
					};
					1126F7C91A43735C000176F8 = {
						CreatedOnToolsVersion = 6.1;
						DevelopmentTeam = PKHAF6RM9S;
						TestTargetID = 1126F7B11A43735C000176F8;
					};
				};
			};
			buildConfigurationList = 1126F7AD1A43735C000176F8 /* Build configuration list for PBXProject "RingOfFire" */;
			compatibilityVersion = "Xcode 3.2";
			developmentRegion = English;
			hasScannedForEncodings = 0;
			knownRegions = (
				en,
				Base,
			);
			mainGroup = 1126F7A91A43735C000176F8;
			productRefGroup = 1126F7B31A43735C000176F8 /* Products */;
			projectDirPath = "";
			projectRoot = "";
			targets = (
				1126F7B11A43735C000176F8 /* RingOfFire */,
				1126F7C91A43735C000176F8 /* RingOfFireTests */,
			);
		};
/* End PBXProject section */

/* Begin PBXResourcesBuildPhase section */
		1126F7B01A43735C000176F8 /* Resources */ = {
			isa = PBXResourcesBuildPhase;
			buildActionMask = 2147483647;
			files = (
				1126F7C01A43735C000176F8 /* Main.storyboard in Resources */,
				1126F7C51A43735C000176F8 /* LaunchScreen.xib in Resources */,
				1126F7C21A43735C000176F8 /* Images.xcassets in Resources */,
			);
			runOnlyForDeploymentPostprocessing = 0;
		};
		1126F7C81A43735C000176F8 /* Resources */ = {
			isa = PBXResourcesBuildPhase;
			buildActionMask = 2147483647;
			files = (
			);
			runOnlyForDeploymentPostprocessing = 0;
		};
/* End PBXResourcesBuildPhase section */

/* Begin PBXSourcesBuildPhase section */
		1126F7AE1A43735C000176F8 /* Sources */ = {
			isa = PBXSourcesBuildPhase;
			buildActionMask = 2147483647;
			files = (
				118156361A4A428A006F655D /* SwipeToShuffleViewController.swift in Sources */,
				9FC977DD1A52411A001E8920 /* Gameplay.swift in Sources */,
				1126F7BD1A43735C000176F8 /* ShuffleViewController.swift in Sources */,
				1181563D1A4A464C006F655D /* SettingsViewController.swift in Sources */,
				1126F7BB1A43735C000176F8 /* RingOfFire.xcdatamodeld in Sources */,
				1181563B1A4A4503006F655D /* InstructionViewController.swift in Sources */,
				118156381A4A4469006F655D /* CardViewController.swift in Sources */,
				1126F7B81A43735C000176F8 /* AppDelegate.swift in Sources */,
			);
			runOnlyForDeploymentPostprocessing = 0;
		};
		1126F7C61A43735C000176F8 /* Sources */ = {
			isa = PBXSourcesBuildPhase;
			buildActionMask = 2147483647;
			files = (
				1126F7D11A43735C000176F8 /* RingOfFireTests.swift in Sources */,
			);
			runOnlyForDeploymentPostprocessing = 0;
		};
/* End PBXSourcesBuildPhase section */

/* Begin PBXTargetDependency section */
		1126F7CC1A43735C000176F8 /* PBXTargetDependency */ = {
			isa = PBXTargetDependency;
			target = 1126F7B11A43735C000176F8 /* RingOfFire */;
			targetProxy = 1126F7CB1A43735C000176F8 /* PBXContainerItemProxy */;
		};
/* End PBXTargetDependency section */

/* Begin PBXVariantGroup section */
		1126F7BE1A43735C000176F8 /* Main.storyboard */ = {
			isa = PBXVariantGroup;
			children = (
				1126F7BF1A43735C000176F8 /* Base */,
			);
			name = Main.storyboard;
			sourceTree = "<group>";
		};
		1126F7C31A43735C000176F8 /* LaunchScreen.xib */ = {
			isa = PBXVariantGroup;
			children = (
				1126F7C41A43735C000176F8 /* Base */,
			);
			name = LaunchScreen.xib;
			sourceTree = "<group>";
		};
/* End PBXVariantGroup section */

/* Begin XCBuildConfiguration section */
		1126F7D21A43735C000176F8 /* Debug */ = {
			isa = XCBuildConfiguration;
			buildSettings = {
				ALWAYS_SEARCH_USER_PATHS = NO;
				CLANG_CXX_LANGUAGE_STANDARD = "gnu++0x";
				CLANG_CXX_LIBRARY = "libc++";
				CLANG_ENABLE_MODULES = YES;
				CLANG_ENABLE_OBJC_ARC = YES;
				CLANG_WARN_BOOL_CONVERSION = YES;
				CLANG_WARN_CONSTANT_CONVERSION = YES;
				CLANG_WARN_DIRECT_OBJC_ISA_USAGE = YES_ERROR;
				CLANG_WARN_EMPTY_BODY = YES;
				CLANG_WARN_ENUM_CONVERSION = YES;
				CLANG_WARN_INT_CONVERSION = YES;
				CLANG_WARN_OBJC_ROOT_CLASS = YES_ERROR;
				CLANG_WARN_UNREACHABLE_CODE = YES;
				CLANG_WARN__DUPLICATE_METHOD_MATCH = YES;
				"CODE_SIGN_IDENTITY[sdk=iphoneos*]" = "iPhone Developer";
				COPY_PHASE_STRIP = NO;
				ENABLE_STRICT_OBJC_MSGSEND = YES;
				GCC_C_LANGUAGE_STANDARD = gnu99;
				GCC_DYNAMIC_NO_PIC = NO;
				GCC_OPTIMIZATION_LEVEL = 0;
				GCC_PREPROCESSOR_DEFINITIONS = (
					"DEBUG=1",
					"$(inherited)",
				);
				GCC_SYMBOLS_PRIVATE_EXTERN = NO;
				GCC_WARN_64_TO_32_BIT_CONVERSION = YES;
				GCC_WARN_ABOUT_RETURN_TYPE = YES_ERROR;
				GCC_WARN_UNDECLARED_SELECTOR = YES;
				GCC_WARN_UNINITIALIZED_AUTOS = YES_AGGRESSIVE;
				GCC_WARN_UNUSED_FUNCTION = YES;
				GCC_WARN_UNUSED_VARIABLE = YES;
				IPHONEOS_DEPLOYMENT_TARGET = 8.1;
				MTL_ENABLE_DEBUG_INFO = YES;
				ONLY_ACTIVE_ARCH = YES;
				SDKROOT = iphoneos;
				SWIFT_OPTIMIZATION_LEVEL = "-Onone";
			};
			name = Debug;
		};
		1126F7D31A43735C000176F8 /* Release */ = {
			isa = XCBuildConfiguration;
			buildSettings = {
				ALWAYS_SEARCH_USER_PATHS = NO;
				CLANG_CXX_LANGUAGE_STANDARD = "gnu++0x";
				CLANG_CXX_LIBRARY = "libc++";
				CLANG_ENABLE_MODULES = YES;
				CLANG_ENABLE_OBJC_ARC = YES;
				CLANG_WARN_BOOL_CONVERSION = YES;
				CLANG_WARN_CONSTANT_CONVERSION = YES;
				CLANG_WARN_DIRECT_OBJC_ISA_USAGE = YES_ERROR;
				CLANG_WARN_EMPTY_BODY = YES;
				CLANG_WARN_ENUM_CONVERSION = YES;
				CLANG_WARN_INT_CONVERSION = YES;
				CLANG_WARN_OBJC_ROOT_CLASS = YES_ERROR;
				CLANG_WARN_UNREACHABLE_CODE = YES;
				CLANG_WARN__DUPLICATE_METHOD_MATCH = YES;
				"CODE_SIGN_IDENTITY[sdk=iphoneos*]" = "iPhone Developer";
				COPY_PHASE_STRIP = YES;
				ENABLE_NS_ASSERTIONS = NO;
				ENABLE_STRICT_OBJC_MSGSEND = YES;
				GCC_C_LANGUAGE_STANDARD = gnu99;
				GCC_WARN_64_TO_32_BIT_CONVERSION = YES;
				GCC_WARN_ABOUT_RETURN_TYPE = YES_ERROR;
				GCC_WARN_UNDECLARED_SELECTOR = YES;
				GCC_WARN_UNINITIALIZED_AUTOS = YES_AGGRESSIVE;
				GCC_WARN_UNUSED_FUNCTION = YES;
				GCC_WARN_UNUSED_VARIABLE = YES;
				IPHONEOS_DEPLOYMENT_TARGET = 8.1;
				MTL_ENABLE_DEBUG_INFO = NO;
				SDKROOT = iphoneos;
				VALIDATE_PRODUCT = YES;
			};
			name = Release;
		};
		1126F7D51A43735C000176F8 /* Debug */ = {
			isa = XCBuildConfiguration;
			buildSettings = {
				ASSETCATALOG_COMPILER_APPICON_NAME = AppIcon;
				INFOPLIST_FILE = RingOfFire/Info.plist;
				IPHONEOS_DEPLOYMENT_TARGET = 7.0;
				LD_RUNPATH_SEARCH_PATHS = "$(inherited) @executable_path/Frameworks";
				PRODUCT_NAME = "$(TARGET_NAME)";
			};
			name = Debug;
		};
		1126F7D61A43735C000176F8 /* Release */ = {
			isa = XCBuildConfiguration;
			buildSettings = {
				ASSETCATALOG_COMPILER_APPICON_NAME = AppIcon;
				INFOPLIST_FILE = RingOfFire/Info.plist;
				IPHONEOS_DEPLOYMENT_TARGET = 7.0;
				LD_RUNPATH_SEARCH_PATHS = "$(inherited) @executable_path/Frameworks";
				PRODUCT_NAME = "$(TARGET_NAME)";
			};
			name = Release;
		};
		1126F7D81A43735C000176F8 /* Debug */ = {
			isa = XCBuildConfiguration;
			buildSettings = {
				BUNDLE_LOADER = "$(TEST_HOST)";
				FRAMEWORK_SEARCH_PATHS = (
					"$(SDKROOT)/Developer/Library/Frameworks",
					"$(inherited)",
				);
				GCC_PREPROCESSOR_DEFINITIONS = (
					"DEBUG=1",
					"$(inherited)",
				);
				INFOPLIST_FILE = RingOfFireTests/Info.plist;
				LD_RUNPATH_SEARCH_PATHS = "$(inherited) @executable_path/Frameworks @loader_path/Frameworks";
				PRODUCT_NAME = "$(TARGET_NAME)";
				TEST_HOST = "$(BUILT_PRODUCTS_DIR)/RingOfFire.app/RingOfFire";
			};
			name = Debug;
		};
		1126F7D91A43735C000176F8 /* Release */ = {
			isa = XCBuildConfiguration;
			buildSettings = {
				BUNDLE_LOADER = "$(TEST_HOST)";
				FRAMEWORK_SEARCH_PATHS = (
					"$(SDKROOT)/Developer/Library/Frameworks",
					"$(inherited)",
				);
				INFOPLIST_FILE = RingOfFireTests/Info.plist;
				LD_RUNPATH_SEARCH_PATHS = "$(inherited) @executable_path/Frameworks @loader_path/Frameworks";
				PRODUCT_NAME = "$(TARGET_NAME)";
				TEST_HOST = "$(BUILT_PRODUCTS_DIR)/RingOfFire.app/RingOfFire";
			};
			name = Release;
		};
/* End XCBuildConfiguration section */

/* Begin XCConfigurationList section */
		1126F7AD1A43735C000176F8 /* Build configuration list for PBXProject "RingOfFire" */ = {
			isa = XCConfigurationList;
			buildConfigurations = (
				1126F7D21A43735C000176F8 /* Debug */,
				1126F7D31A43735C000176F8 /* Release */,
			);
			defaultConfigurationIsVisible = 0;
			defaultConfigurationName = Release;
		};
		1126F7D41A43735C000176F8 /* Build configuration list for PBXNativeTarget "RingOfFire" */ = {
			isa = XCConfigurationList;
			buildConfigurations = (
				1126F7D51A43735C000176F8 /* Debug */,
				1126F7D61A43735C000176F8 /* Release */,
			);
			defaultConfigurationIsVisible = 0;
			defaultConfigurationName = Release;
		};
		1126F7D71A43735C000176F8 /* Build configuration list for PBXNativeTarget "RingOfFireTests" */ = {
			isa = XCConfigurationList;
			buildConfigurations = (
				1126F7D81A43735C000176F8 /* Debug */,
				1126F7D91A43735C000176F8 /* Release */,
			);
			defaultConfigurationIsVisible = 0;
			defaultConfigurationName = Release;
		};
/* End XCConfigurationList section */

/* Begin XCVersionGroup section */
		1126F7B91A43735C000176F8 /* RingOfFire.xcdatamodeld */ = {
			isa = XCVersionGroup;
			children = (
				1126F7BA1A43735C000176F8 /* RingOfFire.xcdatamodel */,
			);
			currentVersion = 1126F7BA1A43735C000176F8 /* RingOfFire.xcdatamodel */;
			path = RingOfFire.xcdatamodeld;
			sourceTree = "<group>";
			versionGroupType = wrapper.xcdatamodel;
		};
/* End XCVersionGroup section */
	};
	rootObject = 1126F7AA1A43735C000176F8 /* Project object */;
}
