// !$*UTF8*$!
{
	archiveVersion = 1;
	classes = {
	};
	objectVersion = 46;
	objects = {

/* Begin PBXBuildFile section */
		1103DD701A7991F100B1BB0C /* EndOfTheGameViewController.swift in Sources */ = {isa = PBXBuildFile; fileRef = 1103DD6F1A7991F100B1BB0C /* EndOfTheGameViewController.swift */; };
		1126F7B81A43735C000176F8 /* AppDelegate.swift in Sources */ = {isa = PBXBuildFile; fileRef = 1126F7B71A43735C000176F8 /* AppDelegate.swift */; };
		1126F7BB1A43735C000176F8 /* RingOfFire.xcdatamodeld in Sources */ = {isa = PBXBuildFile; fileRef = 1126F7B91A43735C000176F8 /* RingOfFire.xcdatamodeld */; };
		1126F7BD1A43735C000176F8 /* ShuffleViewController.swift in Sources */ = {isa = PBXBuildFile; fileRef = 1126F7BC1A43735C000176F8 /* ShuffleViewController.swift */; };
		1126F7C01A43735C000176F8 /* Main.storyboard in Resources */ = {isa = PBXBuildFile; fileRef = 1126F7BE1A43735C000176F8 /* Main.storyboard */; };
		1126F7C21A43735C000176F8 /* Images.xcassets in Resources */ = {isa = PBXBuildFile; fileRef = 1126F7C11A43735C000176F8 /* Images.xcassets */; };
		1126F7C51A43735C000176F8 /* LaunchScreen.xib in Resources */ = {isa = PBXBuildFile; fileRef = 1126F7C31A43735C000176F8 /* LaunchScreen.xib */; };
		1126F7D11A43735C000176F8 /* RingOfFireTests.swift in Sources */ = {isa = PBXBuildFile; fileRef = 1126F7D01A43735C000176F8 /* RingOfFireTests.swift */; };
		1163C7531A60A14100F90168 /* PageItemViewController.swift in Sources */ = {isa = PBXBuildFile; fileRef = 1163C7521A60A14100F90168 /* PageItemViewController.swift */; };
		116B7D141A68D14B0002143E /* FromTopVerticalSegue.swift in Sources */ = {isa = PBXBuildFile; fileRef = 116B7D131A68D14B0002143E /* FromTopVerticalSegue.swift */; };
		118156361A4A428A006F655D /* SwipeToShuffleViewController.swift in Sources */ = {isa = PBXBuildFile; fileRef = 118156351A4A428A006F655D /* SwipeToShuffleViewController.swift */; };
		118156381A4A4469006F655D /* CardViewController.swift in Sources */ = {isa = PBXBuildFile; fileRef = 118156371A4A4469006F655D /* CardViewController.swift */; };
		1181563B1A4A4503006F655D /* InstructionsViewController.swift in Sources */ = {isa = PBXBuildFile; fileRef = 1181563A1A4A4503006F655D /* InstructionsViewController.swift */; };
		1181563D1A4A464C006F655D /* SettingsViewController.swift in Sources */ = {isa = PBXBuildFile; fileRef = 1181563C1A4A464C006F655D /* SettingsViewController.swift */; };
		118423E11A5FE86C006E8755 /* TutorialViewController.swift in Sources */ = {isa = PBXBuildFile; fileRef = 118423E01A5FE86C006E8755 /* TutorialViewController.swift */; };
		11C5C4751A5B13DA00737545 /* Localizable.strings in Resources */ = {isa = PBXBuildFile; fileRef = 11C5C4771A5B13DA00737545 /* Localizable.strings */; };
		11E55EC91A59EB8300F89D55 /* beat.wav in Resources */ = {isa = PBXBuildFile; fileRef = 11E55EC81A59EB8300F89D55 /* beat.wav */; };
		11E55ECB1A59EF1100F89D55 /* AVFoundation.framework in Frameworks */ = {isa = PBXBuildFile; fileRef = 11E55ECA1A59EF1100F89D55 /* AVFoundation.framework */; };
		9F59BDDF1A5741C1005954A5 /* Card.swift in Sources */ = {isa = PBXBuildFile; fileRef = 9F59BDDE1A5741C1005954A5 /* Card.swift */; };
		9FC977DD1A52411A001E8920 /* Gameplay.swift in Sources */ = {isa = PBXBuildFile; fileRef = 9FC977DC1A52411A001E8920 /* Gameplay.swift */; };
		EE8E746D1AB3D77500CBC92C /* TutorialView1.xib in Resources */ = {isa = PBXBuildFile; fileRef = EE8E746C1AB3D77500CBC92C /* TutorialView1.xib */; };
		EE8E746F1AB3D7F600CBC92C /* TutorialView2.xib in Resources */ = {isa = PBXBuildFile; fileRef = EE8E746E1AB3D7F600CBC92C /* TutorialView2.xib */; };
		EE8E74711AB3D80C00CBC92C /* TutorialView3.xib in Resources */ = {isa = PBXBuildFile; fileRef = EE8E74701AB3D80C00CBC92C /* TutorialView3.xib */; };
/* End PBXBuildFile section */

/* Begin PBXContainerItemProxy section */
		1126F7CB1A43735C000176F8 /* PBXContainerItemProxy */ = {
			isa = PBXContainerItemProxy;
			containerPortal = 1126F7AA1A43735C000176F8 /* Project object */;
			proxyType = 1;
			remoteGlobalIDString = 1126F7B11A43735C000176F8;
			remoteInfo = RingOfFire;
		};
/* End PBXContainerItemProxy section */

/* Begin PBXFileReference section */
		1103DD6F1A7991F100B1BB0C /* EndOfTheGameViewController.swift */ = {isa = PBXFileReference; fileEncoding = 4; lastKnownFileType = sourcecode.swift; name = EndOfTheGameViewController.swift; path = ../EndOfTheGameViewController.swift; sourceTree = "<group>"; };
		1126F7B21A43735C000176F8 /* RingOfFire.app */ = {isa = PBXFileReference; explicitFileType = wrapper.application; includeInIndex = 0; path = RingOfFire.app; sourceTree = BUILT_PRODUCTS_DIR; };
		1126F7B61A43735C000176F8 /* Info.plist */ = {isa = PBXFileReference; lastKnownFileType = text.plist.xml; path = Info.plist; sourceTree = "<group>"; };
		1126F7B71A43735C000176F8 /* AppDelegate.swift */ = {isa = PBXFileReference; lastKnownFileType = sourcecode.swift; path = AppDelegate.swift; sourceTree = "<group>"; };
		1126F7BA1A43735C000176F8 /* RingOfFire.xcdatamodel */ = {isa = PBXFileReference; lastKnownFileType = wrapper.xcdatamodel; path = RingOfFire.xcdatamodel; sourceTree = "<group>"; };
		1126F7BC1A43735C000176F8 /* ShuffleViewController.swift */ = {isa = PBXFileReference; lastKnownFileType = sourcecode.swift; path = ShuffleViewController.swift; sourceTree = "<group>"; };
		1126F7BF1A43735C000176F8 /* Base */ = {isa = PBXFileReference; lastKnownFileType = file.storyboard; name = Base; path = Base.lproj/Main.storyboard; sourceTree = "<group>"; };
		1126F7C11A43735C000176F8 /* Images.xcassets */ = {isa = PBXFileReference; lastKnownFileType = folder.assetcatalog; path = Images.xcassets; sourceTree = "<group>"; };
		1126F7C41A43735C000176F8 /* Base */ = {isa = PBXFileReference; lastKnownFileType = file.xib; name = Base; path = Base.lproj/LaunchScreen.xib; sourceTree = "<group>"; };
		1126F7CA1A43735C000176F8 /* RingOfFireTests.xctest */ = {isa = PBXFileReference; explicitFileType = wrapper.cfbundle; includeInIndex = 0; path = RingOfFireTests.xctest; sourceTree = BUILT_PRODUCTS_DIR; };
		1126F7CF1A43735C000176F8 /* Info.plist */ = {isa = PBXFileReference; lastKnownFileType = text.plist.xml; path = Info.plist; sourceTree = "<group>"; };
		1126F7D01A43735C000176F8 /* RingOfFireTests.swift */ = {isa = PBXFileReference; lastKnownFileType = sourcecode.swift; path = RingOfFireTests.swift; sourceTree = "<group>"; };
		1152EC311A9989220092ABF1 /* en */ = {isa = PBXFileReference; lastKnownFileType = text.plist.strings; name = en; path = en.lproj/Main.strings; sourceTree = "<group>"; };
		1163C7521A60A14100F90168 /* PageItemViewController.swift */ = {isa = PBXFileReference; fileEncoding = 4; lastKnownFileType = sourcecode.swift; path = PageItemViewController.swift; sourceTree = "<group>"; };
		116B7D131A68D14B0002143E /* FromTopVerticalSegue.swift */ = {isa = PBXFileReference; fileEncoding = 4; lastKnownFileType = sourcecode.swift; path = FromTopVerticalSegue.swift; sourceTree = "<group>"; };
		118156351A4A428A006F655D /* SwipeToShuffleViewController.swift */ = {isa = PBXFileReference; fileEncoding = 4; lastKnownFileType = sourcecode.swift; path = SwipeToShuffleViewController.swift; sourceTree = "<group>"; };
		118156371A4A4469006F655D /* CardViewController.swift */ = {isa = PBXFileReference; fileEncoding = 4; lastKnownFileType = sourcecode.swift; path = CardViewController.swift; sourceTree = "<group>"; };
		1181563A1A4A4503006F655D /* InstructionsViewController.swift */ = {isa = PBXFileReference; fileEncoding = 4; lastKnownFileType = sourcecode.swift; path = InstructionsViewController.swift; sourceTree = "<group>"; };
		1181563C1A4A464C006F655D /* SettingsViewController.swift */ = {isa = PBXFileReference; fileEncoding = 4; lastKnownFileType = sourcecode.swift; path = SettingsViewController.swift; sourceTree = "<group>"; };
		118423E01A5FE86C006E8755 /* TutorialViewController.swift */ = {isa = PBXFileReference; fileEncoding = 4; lastKnownFileType = sourcecode.swift; path = TutorialViewController.swift; sourceTree = "<group>"; };
		11C5C4711A5B134300737545 /* pl */ = {isa = PBXFileReference; lastKnownFileType = text.plist.strings; name = pl; path = pl.lproj/Main.strings; sourceTree = "<group>"; };
		11C5C4721A5B134300737545 /* pl */ = {isa = PBXFileReference; lastKnownFileType = text.plist.strings; name = pl; path = pl.lproj/LaunchScreen.strings; sourceTree = "<group>"; };
		11C5C4761A5B13DA00737545 /* Base */ = {isa = PBXFileReference; lastKnownFileType = text.plist.strings; name = Base; path = Base.lproj/Localizable.strings; sourceTree = "<group>"; };
		11C5C4781A5B13DC00737545 /* en */ = {isa = PBXFileReference; lastKnownFileType = text.plist.strings; name = en; path = en.lproj/Localizable.strings; sourceTree = "<group>"; };
		11C5C4791A5B13DD00737545 /* pl */ = {isa = PBXFileReference; lastKnownFileType = text.plist.strings; name = pl; path = pl.lproj/Localizable.strings; sourceTree = "<group>"; };
		11E55EC81A59EB8300F89D55 /* beat.wav */ = {isa = PBXFileReference; lastKnownFileType = audio.wav; path = beat.wav; sourceTree = "<group>"; };
		11E55ECA1A59EF1100F89D55 /* AVFoundation.framework */ = {isa = PBXFileReference; lastKnownFileType = wrapper.framework; name = AVFoundation.framework; path = System/Library/Frameworks/AVFoundation.framework; sourceTree = SDKROOT; };
		9F59BDDE1A5741C1005954A5 /* Card.swift */ = {isa = PBXFileReference; fileEncoding = 4; lastKnownFileType = sourcecode.swift; path = Card.swift; sourceTree = "<group>"; };
		9FC977DC1A52411A001E8920 /* Gameplay.swift */ = {isa = PBXFileReference; fileEncoding = 4; lastKnownFileType = sourcecode.swift; path = Gameplay.swift; sourceTree = "<group>"; };
		EE8E746C1AB3D77500CBC92C /* TutorialView1.xib */ = {isa = PBXFileReference; fileEncoding = 4; lastKnownFileType = file.xib; path = TutorialView1.xib; sourceTree = "<group>"; };
		EE8E746E1AB3D7F600CBC92C /* TutorialView2.xib */ = {isa = PBXFileReference; fileEncoding = 4; lastKnownFileType = file.xib; path = TutorialView2.xib; sourceTree = "<group>"; };
		EE8E74701AB3D80C00CBC92C /* TutorialView3.xib */ = {isa = PBXFileReference; fileEncoding = 4; lastKnownFileType = file.xib; path = TutorialView3.xib; sourceTree = "<group>"; };
		EEFF51B71AA8ACB300BCBDAF /* RofPlayground.playground */ = {isa = PBXFileReference; lastKnownFileType = file.playground; name = RofPlayground.playground; path = ../RofPlayground.playground; sourceTree = "<group>"; };
/* End PBXFileReference section */

/* Begin PBXFrameworksBuildPhase section */
		1126F7AF1A43735C000176F8 /* Frameworks */ = {
			isa = PBXFrameworksBuildPhase;
			buildActionMask = 2147483647;
			files = (
				11E55ECB1A59EF1100F89D55 /* AVFoundation.framework in Frameworks */,
			);
			runOnlyForDeploymentPostprocessing = 0;
		};
		1126F7C71A43735C000176F8 /* Frameworks */ = {
			isa = PBXFrameworksBuildPhase;
			buildActionMask = 2147483647;
			files = (
			);
			runOnlyForDeploymentPostprocessing = 0;
		};
/* End PBXFrameworksBuildPhase section */

/* Begin PBXGroup section */
		1126F7A91A43735C000176F8 = {
			isa = PBXGroup;
			children = (
				1126F7B41A43735C000176F8 /* RingOfFire */,
				1126F7CD1A43735C000176F8 /* RingOfFireTests */,
				1126F7B31A43735C000176F8 /* Products */,
			);
			sourceTree = "<group>";
		};
		1126F7B31A43735C000176F8 /* Products */ = {
			isa = PBXGroup;
			children = (
				1126F7B21A43735C000176F8 /* RingOfFire.app */,
				1126F7CA1A43735C000176F8 /* RingOfFireTests.xctest */,
			);
			name = Products;
			sourceTree = "<group>";
		};
		1126F7B41A43735C000176F8 /* RingOfFire */ = {
			isa = PBXGroup;
			children = (
				11F7CD601A5A079800330CFB /* Model */,
				EE8E74721AB3D81B00CBC92C /* Tutorials */,
				118156391A4A44A9006F655D /* ViewControllers */,
				116B7D151A68D4100002143E /* Segues */,
				1126F7BE1A43735C000176F8 /* Main.storyboard */,
				1126F7B51A43735C000176F8 /* Supporting Files */,
				1126F7C11A43735C000176F8 /* Images.xcassets */,
			);
			path = RingOfFire;
			sourceTree = "<group>";
		};
		1126F7B51A43735C000176F8 /* Supporting Files */ = {
			isa = PBXGroup;
			children = (
				1126F7B91A43735C000176F8 /* RingOfFire.xcdatamodeld */,
				1126F7B71A43735C000176F8 /* AppDelegate.swift */,
				1126F7C31A43735C000176F8 /* LaunchScreen.xib */,
				11C5C4771A5B13DA00737545 /* Localizable.strings */,
				11E55ECA1A59EF1100F89D55 /* AVFoundation.framework */,
				11E55EC81A59EB8300F89D55 /* beat.wav */,
				1126F7B61A43735C000176F8 /* Info.plist */,
			);
			name = "Supporting Files";
			sourceTree = "<group>";
		};
		1126F7CD1A43735C000176F8 /* RingOfFireTests */ = {
			isa = PBXGroup;
			children = (
				1126F7D01A43735C000176F8 /* RingOfFireTests.swift */,
				EEFF51B71AA8ACB300BCBDAF /* RofPlayground.playground */,
				1126F7CE1A43735C000176F8 /* Supporting Files */,
			);
			path = RingOfFireTests;
			sourceTree = "<group>";
		};
		1126F7CE1A43735C000176F8 /* Supporting Files */ = {
			isa = PBXGroup;
			children = (
				1126F7CF1A43735C000176F8 /* Info.plist */,
			);
			name = "Supporting Files";
			sourceTree = "<group>";
		};
		116B7D151A68D4100002143E /* Segues */ = {
			isa = PBXGroup;
			children = (
				116B7D131A68D14B0002143E /* FromTopVerticalSegue.swift */,
			);
			name = Segues;
			sourceTree = "<group>";
		};
		118156391A4A44A9006F655D /* ViewControllers */ = {
			isa = PBXGroup;
			children = (
				118156371A4A4469006F655D /* CardViewController.swift */,
				1181563C1A4A464C006F655D /* SettingsViewController.swift */,
				118156351A4A428A006F655D /* SwipeToShuffleViewController.swift */,
				1126F7BC1A43735C000176F8 /* ShuffleViewController.swift */,
				1181563A1A4A4503006F655D /* InstructionsViewController.swift */,
				118423E01A5FE86C006E8755 /* TutorialViewController.swift */,
				1163C7521A60A14100F90168 /* PageItemViewController.swift */,
				1103DD6F1A7991F100B1BB0C /* EndOfTheGameViewController.swift */,
			);
			name = ViewControllers;
			sourceTree = "<group>";
		};
		11F7CD601A5A079800330CFB /* Model */ = {
			isa = PBXGroup;
			children = (
				9FC977DC1A52411A001E8920 /* Gameplay.swift */,
				9F59BDDE1A5741C1005954A5 /* Card.swift */,
			);
			name = Model;
			sourceTree = "<group>";
		};
		EE8E74721AB3D81B00CBC92C /* Tutorials */ = {
			isa = PBXGroup;
			children = (
				EE8E746C1AB3D77500CBC92C /* TutorialView1.xib */,
				EE8E746E1AB3D7F600CBC92C /* TutorialView2.xib */,
				EE8E74701AB3D80C00CBC92C /* TutorialView3.xib */,
			);
			name = Tutorials;
			sourceTree = "<group>";
		};
/* End PBXGroup section */

/* Begin PBXNativeTarget section */
		1126F7B11A43735C000176F8 /* RingOfFire */ = {
			isa = PBXNativeTarget;
			buildConfigurationList = 1126F7D41A43735C000176F8 /* Build configuration list for PBXNativeTarget "RingOfFire" */;
			buildPhases = (
				1126F7AE1A43735C000176F8 /* Sources */,
				1126F7AF1A43735C000176F8 /* Frameworks */,
				1126F7B01A43735C000176F8 /* Resources */,
			);
			buildRules = (
			);
			dependencies = (
			);
			name = RingOfFire;
			productName = RingOfFire;
			productReference = 1126F7B21A43735C000176F8 /* RingOfFire.app */;
			productType = "com.apple.product-type.application";
		};
		1126F7C91A43735C000176F8 /* RingOfFireTests */ = {
			isa = PBXNativeTarget;
			buildConfigurationList = 1126F7D71A43735C000176F8 /* Build configuration list for PBXNativeTarget "RingOfFireTests" */;
			buildPhases = (
				1126F7C61A43735C000176F8 /* Sources */,
				1126F7C71A43735C000176F8 /* Frameworks */,
				1126F7C81A43735C000176F8 /* Resources */,
			);
			buildRules = (
			);
			dependencies = (
				1126F7CC1A43735C000176F8 /* PBXTargetDependency */,
			);
			name = RingOfFireTests;
			productName = RingOfFireTests;
			productReference = 1126F7CA1A43735C000176F8 /* RingOfFireTests.xctest */;
			productType = "com.apple.product-type.bundle.unit-test";
		};
/* End PBXNativeTarget section */

/* Begin PBXProject section */
		1126F7AA1A43735C000176F8 /* Project object */ = {
			isa = PBXProject;
			attributes = {
				LastUpgradeCheck = 0610;
				ORGANIZATIONNAME = "Michał Ciesielski";
				TargetAttributes = {
					1126F7B11A43735C000176F8 = {
						CreatedOnToolsVersion = 6.1;
						DevelopmentTeam = 4V9FNC79Z9;
					};
					1126F7C91A43735C000176F8 = {
						CreatedOnToolsVersion = 6.1;
						DevelopmentTeam = 4V9FNC79Z9;
						TestTargetID = 1126F7B11A43735C000176F8;
					};
				};
			};
			buildConfigurationList = 1126F7AD1A43735C000176F8 /* Build configuration list for PBXProject "RingOfFire" */;
			compatibilityVersion = "Xcode 3.2";
			developmentRegion = English;
			hasScannedForEncodings = 0;
			knownRegions = (
				en,
				Base,
				pl,
			);
			mainGroup = 1126F7A91A43735C000176F8;
			productRefGroup = 1126F7B31A43735C000176F8 /* Products */;
			projectDirPath = "";
			projectRoot = "";
			targets = (
				1126F7B11A43735C000176F8 /* RingOfFire */,
				1126F7C91A43735C000176F8 /* RingOfFireTests */,
			);
		};
/* End PBXProject section */

/* Begin PBXResourcesBuildPhase section */
		1126F7B01A43735C000176F8 /* Resources */ = {
			isa = PBXResourcesBuildPhase;
			buildActionMask = 2147483647;
			files = (
				EE8E746D1AB3D77500CBC92C /* TutorialView1.xib in Resources */,
				EE8E746F1AB3D7F600CBC92C /* TutorialView2.xib in Resources */,
				11C5C4751A5B13DA00737545 /* Localizable.strings in Resources */,
				11E55EC91A59EB8300F89D55 /* beat.wav in Resources */,
				EE8E74711AB3D80C00CBC92C /* TutorialView3.xib in Resources */,
				1126F7C01A43735C000176F8 /* Main.storyboard in Resources */,
				1126F7C51A43735C000176F8 /* LaunchScreen.xib in Resources */,
				1126F7C21A43735C000176F8 /* Images.xcassets in Resources */,
			);
			runOnlyForDeploymentPostprocessing = 0;
		};
		1126F7C81A43735C000176F8 /* Resources */ = {
			isa = PBXResourcesBuildPhase;
			buildActionMask = 2147483647;
			files = (
			);
			runOnlyForDeploymentPostprocessing = 0;
		};
/* End PBXResourcesBuildPhase section */

/* Begin PBXSourcesBuildPhase section */
		1126F7AE1A43735C000176F8 /* Sources */ = {
			isa = PBXSourcesBuildPhase;
			buildActionMask = 2147483647;
			files = (
				118156361A4A428A006F655D /* SwipeToShuffleViewController.swift in Sources */,
				9FC977DD1A52411A001E8920 /* Gameplay.swift in Sources */,
				116B7D141A68D14B0002143E /* FromTopVerticalSegue.swift in Sources */,
				1163C7531A60A14100F90168 /* PageItemViewController.swift in Sources */,
				118423E11A5FE86C006E8755 /* TutorialViewController.swift in Sources */,
				1126F7BD1A43735C000176F8 /* ShuffleViewController.swift in Sources */,
				1181563D1A4A464C006F655D /* SettingsViewController.swift in Sources */,
				1126F7BB1A43735C000176F8 /* RingOfFire.xcdatamodeld in Sources */,
				1181563B1A4A4503006F655D /* InstructionsViewController.swift in Sources */,
				1103DD701A7991F100B1BB0C /* EndOfTheGameViewController.swift in Sources */,
				118156381A4A4469006F655D /* CardViewController.swift in Sources */,
				9F59BDDF1A5741C1005954A5 /* Card.swift in Sources */,
				1126F7B81A43735C000176F8 /* AppDelegate.swift in Sources */,
			);
			runOnlyForDeploymentPostprocessing = 0;
		};
		1126F7C61A43735C000176F8 /* Sources */ = {
			isa = PBXSourcesBuildPhase;
			buildActionMask = 2147483647;
			files = (
				1126F7D11A43735C000176F8 /* RingOfFireTests.swift in Sources */,
			);
			runOnlyForDeploymentPostprocessing = 0;
		};
/* End PBXSourcesBuildPhase section */

/* Begin PBXTargetDependency section */
		1126F7CC1A43735C000176F8 /* PBXTargetDependency */ = {
			isa = PBXTargetDependency;
			target = 1126F7B11A43735C000176F8 /* RingOfFire */;
			targetProxy = 1126F7CB1A43735C000176F8 /* PBXContainerItemProxy */;
		};
/* End PBXTargetDependency section */

/* Begin PBXVariantGroup section */
		1126F7BE1A43735C000176F8 /* Main.storyboard */ = {
			isa = PBXVariantGroup;
			children = (
				1126F7BF1A43735C000176F8 /* Base */,
				11C5C4711A5B134300737545 /* pl */,
				1152EC311A9989220092ABF1 /* en */,
			);
			name = Main.storyboard;
			sourceTree = "<group>";
		};
		1126F7C31A43735C000176F8 /* LaunchScreen.xib */ = {
			isa = PBXVariantGroup;
			children = (
				1126F7C41A43735C000176F8 /* Base */,
				11C5C4721A5B134300737545 /* pl */,
			);
			name = LaunchScreen.xib;
			sourceTree = "<group>";
		};
		11C5C4771A5B13DA00737545 /* Localizable.strings */ = {
			isa = PBXVariantGroup;
			children = (
				11C5C4761A5B13DA00737545 /* Base */,
				11C5C4781A5B13DC00737545 /* en */,
				11C5C4791A5B13DD00737545 /* pl */,
			);
			name = Localizable.strings;
			sourceTree = "<group>";
		};
/* End PBXVariantGroup section */

/* Begin XCBuildConfiguration section */
		1126F7D21A43735C000176F8 /* Debug */ = {
			isa = XCBuildConfiguration;
			buildSettings = {
				ALWAYS_SEARCH_USER_PATHS = NO;
				CLANG_CXX_LANGUAGE_STANDARD = "gnu++0x";
				CLANG_CXX_LIBRARY = "libc++";
				CLANG_ENABLE_MODULES = YES;
				CLANG_ENABLE_OBJC_ARC = YES;
				CLANG_WARN_BOOL_CONVERSION = YES;
				CLANG_WARN_CONSTANT_CONVERSION = YES;
				CLANG_WARN_DIRECT_OBJC_ISA_USAGE = YES_ERROR;
				CLANG_WARN_EMPTY_BODY = YES;
				CLANG_WARN_ENUM_CONVERSION = YES;
				CLANG_WARN_INT_CONVERSION = YES;
				CLANG_WARN_OBJC_ROOT_CLASS = YES_ERROR;
				CLANG_WARN_UNREACHABLE_CODE = YES;
				CLANG_WARN__DUPLICATE_METHOD_MATCH = YES;
				"CODE_SIGN_IDENTITY[sdk=iphoneos*]" = "iPhone Developer";
				COPY_PHASE_STRIP = NO;
				ENABLE_STRICT_OBJC_MSGSEND = YES;
				GCC_C_LANGUAGE_STANDARD = gnu99;
				GCC_DYNAMIC_NO_PIC = NO;
				GCC_OPTIMIZATION_LEVEL = 0;
				GCC_PREPROCESSOR_DEFINITIONS = (
					"DEBUG=1",
					"$(inherited)",
				);
				GCC_SYMBOLS_PRIVATE_EXTERN = NO;
				GCC_WARN_64_TO_32_BIT_CONVERSION = YES;
				GCC_WARN_ABOUT_RETURN_TYPE = YES_ERROR;
				GCC_WARN_UNDECLARED_SELECTOR = YES;
				GCC_WARN_UNINITIALIZED_AUTOS = YES_AGGRESSIVE;
				GCC_WARN_UNUSED_FUNCTION = YES;
				GCC_WARN_UNUSED_VARIABLE = YES;
				IPHONEOS_DEPLOYMENT_TARGET = 7.1;
				MTL_ENABLE_DEBUG_INFO = YES;
				ONLY_ACTIVE_ARCH = YES;
				SDKROOT = iphoneos;
				SWIFT_OPTIMIZATION_LEVEL = "-Onone";
			};
			name = Debug;
		};
		1126F7D31A43735C000176F8 /* Release */ = {
			isa = XCBuildConfiguration;
			buildSettings = {
				ALWAYS_SEARCH_USER_PATHS = NO;
				CLANG_CXX_LANGUAGE_STANDARD = "gnu++0x";
				CLANG_CXX_LIBRARY = "libc++";
				CLANG_ENABLE_MODULES = YES;
				CLANG_ENABLE_OBJC_ARC = YES;
				CLANG_WARN_BOOL_CONVERSION = YES;
				CLANG_WARN_CONSTANT_CONVERSION = YES;
				CLANG_WARN_DIRECT_OBJC_ISA_USAGE = YES_ERROR;
				CLANG_WARN_EMPTY_BODY = YES;
				CLANG_WARN_ENUM_CONVERSION = YES;
				CLANG_WARN_INT_CONVERSION = YES;
				CLANG_WARN_OBJC_ROOT_CLASS = YES_ERROR;
				CLANG_WARN_UNREACHABLE_CODE = YES;
				CLANG_WARN__DUPLICATE_METHOD_MATCH = YES;
				"CODE_SIGN_IDENTITY[sdk=iphoneos*]" = "iPhone Developer";
				COPY_PHASE_STRIP = YES;
				ENABLE_NS_ASSERTIONS = NO;
				ENABLE_STRICT_OBJC_MSGSEND = YES;
				GCC_C_LANGUAGE_STANDARD = gnu99;
				GCC_WARN_64_TO_32_BIT_CONVERSION = YES;
				GCC_WARN_ABOUT_RETURN_TYPE = YES_ERROR;
				GCC_WARN_UNDECLARED_SELECTOR = YES;
				GCC_WARN_UNINITIALIZED_AUTOS = YES_AGGRESSIVE;
				GCC_WARN_UNUSED_FUNCTION = YES;
				GCC_WARN_UNUSED_VARIABLE = YES;
				IPHONEOS_DEPLOYMENT_TARGET = 7.1;
				MTL_ENABLE_DEBUG_INFO = NO;
				SDKROOT = iphoneos;
				VALIDATE_PRODUCT = YES;
			};
			name = Release;
		};
		1126F7D51A43735C000176F8 /* Debug */ = {
			isa = XCBuildConfiguration;
			buildSettings = {
				ASSETCATALOG_COMPILER_APPICON_NAME = AppIcon;
				CODE_SIGN_IDENTITY = "iPhone Developer";
				INFOPLIST_FILE = RingOfFire/Info.plist;
				IPHONEOS_DEPLOYMENT_TARGET = 7.1;
				LD_RUNPATH_SEARCH_PATHS = "$(inherited) @executable_path/Frameworks";
				PRODUCT_NAME = "$(TARGET_NAME)";
			};
			name = Debug;
		};
		1126F7D61A43735C000176F8 /* Release */ = {
			isa = XCBuildConfiguration;
			buildSettings = {
				ASSETCATALOG_COMPILER_APPICON_NAME = AppIcon;
				CODE_SIGN_IDENTITY = "iPhone Developer";
				INFOPLIST_FILE = RingOfFire/Info.plist;
				IPHONEOS_DEPLOYMENT_TARGET = 7.1;
				LD_RUNPATH_SEARCH_PATHS = "$(inherited) @executable_path/Frameworks";
				PRODUCT_NAME = "$(TARGET_NAME)";
			};
			name = Release;
		};
		1126F7D81A43735C000176F8 /* Debug */ = {
			isa = XCBuildConfiguration;
			buildSettings = {
				BUNDLE_LOADER = "$(TEST_HOST)";
				FRAMEWORK_SEARCH_PATHS = (
					"$(SDKROOT)/Developer/Library/Frameworks",
					"$(inherited)",
				);
				GCC_PREPROCESSOR_DEFINITIONS = (
					"DEBUG=1",
					"$(inherited)",
				);
				INFOPLIST_FILE = RingOfFireTests/Info.plist;
				LD_RUNPATH_SEARCH_PATHS = "$(inherited) @executable_path/Frameworks @loader_path/Frameworks";
				PRODUCT_NAME = "$(TARGET_NAME)";
				TEST_HOST = "$(BUILT_PRODUCTS_DIR)/RingOfFire.app/RingOfFire";
			};
			name = Debug;
		};
		1126F7D91A43735C000176F8 /* Release */ = {
			isa = XCBuildConfiguration;
			buildSettings = {
				BUNDLE_LOADER = "$(TEST_HOST)";
				FRAMEWORK_SEARCH_PATHS = (
					"$(SDKROOT)/Developer/Library/Frameworks",
					"$(inherited)",
				);
				INFOPLIST_FILE = RingOfFireTests/Info.plist;
				LD_RUNPATH_SEARCH_PATHS = "$(inherited) @executable_path/Frameworks @loader_path/Frameworks";
				PRODUCT_NAME = "$(TARGET_NAME)";
				TEST_HOST = "$(BUILT_PRODUCTS_DIR)/RingOfFire.app/RingOfFire";
			};
			name = Release;
		};
/* End XCBuildConfiguration section */

/* Begin XCConfigurationList section */
		1126F7AD1A43735C000176F8 /* Build configuration list for PBXProject "RingOfFire" */ = {
			isa = XCConfigurationList;
			buildConfigurations = (
				1126F7D21A43735C000176F8 /* Debug */,
				1126F7D31A43735C000176F8 /* Release */,
			);
			defaultConfigurationIsVisible = 0;
			defaultConfigurationName = Release;
		};
		1126F7D41A43735C000176F8 /* Build configuration list for PBXNativeTarget "RingOfFire" */ = {
			isa = XCConfigurationList;
			buildConfigurations = (
				1126F7D51A43735C000176F8 /* Debug */,
				1126F7D61A43735C000176F8 /* Release */,
			);
			defaultConfigurationIsVisible = 0;
			defaultConfigurationName = Release;
		};
		1126F7D71A43735C000176F8 /* Build configuration list for PBXNativeTarget "RingOfFireTests" */ = {
			isa = XCConfigurationList;
			buildConfigurations = (
				1126F7D81A43735C000176F8 /* Debug */,
				1126F7D91A43735C000176F8 /* Release */,
			);
			defaultConfigurationIsVisible = 0;
			defaultConfigurationName = Release;
		};
/* End XCConfigurationList section */

/* Begin XCVersionGroup section */
		1126F7B91A43735C000176F8 /* RingOfFire.xcdatamodeld */ = {
			isa = XCVersionGroup;
			children = (
				1126F7BA1A43735C000176F8 /* RingOfFire.xcdatamodel */,
			);
			currentVersion = 1126F7BA1A43735C000176F8 /* RingOfFire.xcdatamodel */;
			path = RingOfFire.xcdatamodeld;
			sourceTree = "<group>";
			versionGroupType = wrapper.xcdatamodel;
		};
/* End XCVersionGroup section */
	};
	rootObject = 1126F7AA1A43735C000176F8 /* Project object */;
}
